{
  "name": "static",
  "version": "1.0.0",
  "lockfileVersion": 3,
  "requires": true,
  "packages": {
    "": {
      "name": "static",
      "version": "1.0.0",
      "license": "ISC",
      "dependencies": {
        "leaflet-switch-basemap": "^1.0.6",
        "leaflet.glify": "^3.3.0"
      }
    },
    "node_modules/earcut": {
      "version": "2.2.4",
      "resolved": "https://registry.npmjs.org/earcut/-/earcut-2.2.4.tgz",
      "integrity": "sha512-/pjZsA1b4RPHbeWZQn66SWS8nZZWLQQ23oE3Eam7aroEFGEvwKAsJfZ9ytiEMycfzXWpca4FA9QIOehf7PocBQ==",
      "license": "ISC"
    },
    "node_modules/geojson-flatten": {
      "version": "1.1.1",
      "resolved": "https://registry.npmjs.org/geojson-flatten/-/geojson-flatten-1.1.1.tgz",
      "integrity": "sha512-k/6BCd0qAt7vdqdM1LkLfAy72EsLDy0laNwX0x2h49vfYCiQkRc4PSra8DNEdJ10EKRpwEvDXMb0dBknTJuWpQ==",
      "license": "BSD-2-Clause"
    },
    "node_modules/leaflet": {
      "version": "1.9.4",
      "resolved": "https://registry.npmjs.org/leaflet/-/leaflet-1.9.4.tgz",
      "integrity": "sha512-nxS1ynzJOmOlHp+iL3FyWqK89GtNL8U8rvlMOsQdTTssxZwCXh8N2NB3GDQOL+YR3XnWyZAxwQixURb+FA74PA==",
      "license": "BSD-2-Clause",
      "peer": true
    },
    "node_modules/leaflet-switch-basemap": {
      "version": "1.0.6",
      "resolved": "https://registry.npmjs.org/leaflet-switch-basemap/-/leaflet-switch-basemap-1.0.6.tgz",
      "integrity": "sha512-olcTRHI8e7vLO/Agmk8Extp7VYRfr3WNctmyYWf6rHwBC0KwExCaPK/wDi1SZ1jWR41HW5qQ4s7tBWdJJdpPUw==",
      "license": "MIT"
    },
    "node_modules/leaflet.glify": {
      "version": "3.3.0",
      "resolved": "https://registry.npmjs.org/leaflet.glify/-/leaflet.glify-3.3.0.tgz",
      "integrity": "sha512-5vj+7ytJcppTtFLOYhW+yoo4bWvOngy59zJmpJjr/Gmk8pxpJ3Y2olNKrIIj/SdvvndJhhu3fQ4/zyjCGOF2qQ==",
      "license": "MIT",
      "dependencies": {
        "earcut": "^2.2.4",
        "geojson-flatten": "^1.1.1",
        "point-in-polygon": "^1.1.0",
        "polygon-lookup": "^2.6.0",
        "rbush": "^3.0.1"
      },
      "peerDependencies": {
        "leaflet": "1.9.4"
      }
    },
    "node_modules/lodash": {
      "version": "4.17.21",
      "resolved": "https://registry.npmjs.org/lodash/-/lodash-4.17.21.tgz",
      "integrity": "sha512-v2kDEe57lecTulaDIuNTPy3Ry4gLGJ6Z1O3vE1krgXZNrsQ+LFTGHVxVjcXPs17LhbZVGedAJv8XZ1tvj5FvSg==",
      "license": "MIT"
    },
    "node_modules/point-in-polygon": {
      "version": "1.1.0",
      "resolved": "https://registry.npmjs.org/point-in-polygon/-/point-in-polygon-1.1.0.tgz",
      "integrity": "sha512-3ojrFwjnnw8Q9242TzgXuTD+eKiutbzyslcq1ydfu82Db2y+Ogbmyrkpv0Hgj31qwT3lbS9+QAAO/pIQM35XRw==",
      "license": "MIT"
    },
    "node_modules/polygon-lookup": {
      "version": "2.6.0",
      "resolved": "https://registry.npmjs.org/polygon-lookup/-/polygon-lookup-2.6.0.tgz",
      "integrity": "sha512-Y76ioJomg19RGMYbeUmfgcX7An+0vHK/89nEUmt+1pgVY6WgtW12/jnSlw8D4907kWEi3rhQC11aXUc1qZDN4g==",
      "license": "MIT",
      "dependencies": {
        "lodash": "^4.14.2",
        "point-in-polygon": "1.0.1",
        "rbush": "^2.0.2"
      },
      "engines": {
        "elasticsearch": ">=1.1.1",
        "node": ">=10.0.0",
        "npm": ">=1.4.3"
      }
    },
    "node_modules/polygon-lookup/node_modules/point-in-polygon": {
      "version": "1.0.1",
      "resolved": "https://registry.npmjs.org/point-in-polygon/-/point-in-polygon-1.0.1.tgz",
      "integrity": "sha512-7xblajMJtE9xOfDXkZrq98kjnoazmNPfNXqu9XCKk0uhtjImNdTRjkckIWKirtlyUocWU9XyzTyE2y5/E45v5A==",
      "license": "MIT"
    },
    "node_modules/polygon-lookup/node_modules/quickselect": {
      "version": "1.1.1",
      "resolved": "https://registry.npmjs.org/quickselect/-/quickselect-1.1.1.tgz",
      "integrity": "sha512-qN0Gqdw4c4KGPsBOQafj6yj/PA6c/L63f6CaZ/DCF/xF4Esu3jVmKLUDYxghFx8Kb/O7y9tI7x2RjTSXwdK1iQ==",
      "license": "ISC"
    },
    "node_modules/polygon-lookup/node_modules/rbush": {
      "version": "2.0.2",
      "resolved": "https://registry.npmjs.org/rbush/-/rbush-2.0.2.tgz",
      "integrity": "sha512-XBOuALcTm+O/H8G90b6pzu6nX6v2zCKiFG4BJho8a+bY6AER6t8uQUZdi5bomQc0AprCWhEGa7ncAbbRap0bRA==",
      "license": "MIT",
      "dependencies": {
        "quickselect": "^1.0.1"
      }
    },
    "node_modules/quickselect": {
      "version": "2.0.0",
      "resolved": "https://registry.npmjs.org/quickselect/-/quickselect-2.0.0.tgz",
      "integrity": "sha512-RKJ22hX8mHe3Y6wH/N3wCM6BWtjaxIyyUIkpHOvfFnxdI4yD4tBXEBKSbriGujF6jnSVkJrffuo6vxACiSSxIw==",
      "license": "ISC"
    },
    "node_modules/rbush": {
      "version": "3.0.1",
      "resolved": "https://registry.npmjs.org/rbush/-/rbush-3.0.1.tgz",
      "integrity": "sha512-XRaVO0YecOpEuIvbhbpTrZgoiI6xBlz6hnlr6EHhd+0x9ase6EmeN+hdwwUaJvLcsFFQ8iWVF1GAK1yB0BWi0w==",
      "license": "MIT",
      "dependencies": {
        "quickselect": "^2.0.0"
      }
    }
  }
}
